Microsoft Visual Studio Solution File, Format Version 12.00
# Visual Studio 2012
Project("{FAE04EC0-301F-11D3-BF4B-00C04F79EFBC}") = "Glumbo-s Quest", "Glumbo-s Quest.csproj", "{626EA0CA-5B3D-416E-841D-459BE5077A7F}"
EndProject
Global
	GlobalSection(SolutionConfigurationPlatforms) = preSolution
	Debug|Any CPU = Debug|Any CPU
	ExportDebug|Any CPU = ExportDebug|Any CPU
	ExportRelease|Any CPU = ExportRelease|Any CPU
	EndGlobalSection
	GlobalSection(ProjectConfigurationPlatforms) = postSolution
		{626EA0CA-5B3D-416E-841D-459BE5077A7F}.Debug|Any CPU.ActiveCfg = Debug|Any CPU
		{626EA0CA-5B3D-416E-841D-459BE5077A7F}.Debug|Any CPU.Build.0 = Debug|Any CPU
		{626EA0CA-5B3D-416E-841D-459BE5077A7F}.ExportDebug|Any CPU.ActiveCfg = ExportDebug|Any CPU
		{626EA0CA-5B3D-416E-841D-459BE5077A7F}.ExportDebug|Any CPU.Build.0 = ExportDebug|Any CPU
		{626EA0CA-5B3D-416E-841D-459BE5077A7F}.ExportRelease|Any CPU.ActiveCfg = ExportRelease|Any CPU
		{626EA0CA-5B3D-416E-841D-459BE5077A7F}.ExportRelease|Any CPU.Build.0 = ExportRelease|Any CPU
	EndGlobalSection
EndGlobal
